
Microsoft Visual Studio Solution File, Format Version 12.00
# Visual Studio 2012
Project("{FAE04EC0-301F-11D3-BF4B-00C04F79EFBC}") = "CodeTitans.Phone.JSon.VS2012", "JSON@CodeTitans\CodeTitans.Phone.JSon.VS2012.csproj", "{502517B4-4BD0-461A-BAC5-D7CB6B6BF4CB}"
EndProject
Project("{FAE04EC0-301F-11D3-BF4B-00C04F79EFBC}") = "CodeTitans.Phone.Core.VS2012", "Core@CodeTitans\CodeTitans.Phone.Core.VS2012.csproj", "{790919FC-065E-44EE-BD96-B48AB7AEF692}"
EndProject
Project("{FAE04EC0-301F-11D3-BF4B-00C04F79EFBC}") = "CodeTitans.Phone.Bayeux.VS2012", "Bayeux@CodeTitans\CodeTitans.Phone.Bayeux.VS2012.csproj", "{85BB52B4-A96D-4003-B963-0587296396A7}"
EndProject
Project("{FAE04EC0-301F-11D3-BF4B-00C04F79EFBC}") = "CodeTitans.Phone.IoC.VS2012", "IoC@CodeTitans\CodeTitans.Phone.IoC.VS2012.csproj", "{209E06CA-1AE4-4618-B4B4-A469A3D27783}"
EndProject
Project("{FAE04EC0-301F-11D3-BF4B-00C04F79EFBC}") = "CodeTitans.WinStore.Bayeux.VS2012", "Bayeux@CodeTitans\CodeTitans.WinStore.Bayeux.VS2012.csproj", "{A98EB463-1058-4DEC-B085-8840E848A540}"
EndProject
Project("{FAE04EC0-301F-11D3-BF4B-00C04F79EFBC}") = "CodeTitans.WinStore.Core.VS2012", "Core@CodeTitans\CodeTitans.WinStore.Core.VS2012.csproj", "{6B3B251C-0BFD-4731-82BC-8A75C74FD348}"
EndProject
Project("{FAE04EC0-301F-11D3-BF4B-00C04F79EFBC}") = "CodeTitans.WinStore.IoC.VS2012", "IoC@CodeTitans\CodeTitans.WinStore.IoC.VS2012.csproj", "{CD4A6ECF-1FC5-4B19-A4D8-0E3E570627CC}"
EndProject
Project("{FAE04EC0-301F-11D3-BF4B-00C04F79EFBC}") = "CodeTitans.WinStore.JSon.VS2012", "JSON@CodeTitans\CodeTitans.WinStore.JSon.VS2012.csproj", "{97D6303D-3408-4B6F-B232-646E0B5007A4}"
EndProject
Project("{FAE04EC0-301F-11D3-BF4B-00C04F79EFBC}") = "CodeTitans.JSon.VS2010", "JSON@CodeTitans\CodeTitans.JSon.VS2010.csproj", "{0D7442B5-7447-46EC-B2CD-55369F13E2B1}"
EndProject
Project("{FAE04EC0-301F-11D3-BF4B-00C04F79EFBC}") = "CodeTitans.Core.VS2010", "Core@CodeTitans\CodeTitans.Core.VS2010.csproj", "{AFF24272-D1B8-4C29-A9C8-9AF6EF9E49DA}"
EndProject
Project("{FAE04EC0-301F-11D3-BF4B-00C04F79EFBC}") = "CodeTitans.Bayeux.VS2010", "Bayeux@CodeTitans\CodeTitans.Bayeux.VS2010.csproj", "{8DAFD2C1-511B-4940-8110-297CDF2AFF24}"
EndProject
Project("{FAE04EC0-301F-11D3-BF4B-00C04F79EFBC}") = "CodeTitans.IoC.VS2010", "IoC@CodeTitans\CodeTitans.IoC.VS2010.csproj", "{466246E6-7B02-4BDB-8EB2-705A908EAF4C}"
EndProject
Project("{FAE04EC0-301F-11D3-BF4B-00C04F79EFBC}") = "CodeTitans.UnitTests.VS2012", "CodeTitans.UnitTests\CodeTitans.UnitTests.VS2012.csproj", "{720677A1-5893-49AC-BAD9-EC400E3F89E6}"
EndProject
Global
	GlobalSection(SolutionConfigurationPlatforms) = preSolution
		Debug|Any CPU = Debug|Any CPU
		Debug|ARM = Debug|ARM
		Debug|x64 = Debug|x64
		Debug|x86 = Debug|x86
		Release|Any CPU = Release|Any CPU
		Release|ARM = Release|ARM
		Release|x64 = Release|x64
		Release|x86 = Release|x86
	EndGlobalSection
	GlobalSection(ProjectConfigurationPlatforms) = postSolution
		{502517B4-4BD0-461A-BAC5-D7CB6B6BF4CB}.Debug|Any CPU.ActiveCfg = Debug|Any CPU
		{502517B4-4BD0-461A-BAC5-D7CB6B6BF4CB}.Debug|Any CPU.Build.0 = Debug|Any CPU
		{502517B4-4BD0-461A-BAC5-D7CB6B6BF4CB}.Debug|ARM.ActiveCfg = Debug|ARM
		{502517B4-4BD0-461A-BAC5-D7CB6B6BF4CB}.Debug|ARM.Build.0 = Debug|ARM
		{502517B4-4BD0-461A-BAC5-D7CB6B6BF4CB}.Debug|x64.ActiveCfg = Debug|Any CPU
		{502517B4-4BD0-461A-BAC5-D7CB6B6BF4CB}.Debug|x86.ActiveCfg = Debug|x86
		{502517B4-4BD0-461A-BAC5-D7CB6B6BF4CB}.Debug|x86.Build.0 = Debug|x86
		{502517B4-4BD0-461A-BAC5-D7CB6B6BF4CB}.Release|Any CPU.ActiveCfg = Release|Any CPU
		{502517B4-4BD0-461A-BAC5-D7CB6B6BF4CB}.Release|Any CPU.Build.0 = Release|Any CPU
		{502517B4-4BD0-461A-BAC5-D7CB6B6BF4CB}.Release|ARM.ActiveCfg = Release|ARM
		{502517B4-4BD0-461A-BAC5-D7CB6B6BF4CB}.Release|ARM.Build.0 = Release|ARM
		{502517B4-4BD0-461A-BAC5-D7CB6B6BF4CB}.Release|x64.ActiveCfg = Release|Any CPU
		{502517B4-4BD0-461A-BAC5-D7CB6B6BF4CB}.Release|x86.ActiveCfg = Release|x86
		{502517B4-4BD0-461A-BAC5-D7CB6B6BF4CB}.Release|x86.Build.0 = Release|x86
		{790919FC-065E-44EE-BD96-B48AB7AEF692}.Debug|Any CPU.ActiveCfg = Debug|Any CPU
		{790919FC-065E-44EE-BD96-B48AB7AEF692}.Debug|Any CPU.Build.0 = Debug|Any CPU
		{790919FC-065E-44EE-BD96-B48AB7AEF692}.Debug|ARM.ActiveCfg = Debug|ARM
		{790919FC-065E-44EE-BD96-B48AB7AEF692}.Debug|ARM.Build.0 = Debug|ARM
		{790919FC-065E-44EE-BD96-B48AB7AEF692}.Debug|x64.ActiveCfg = Debug|Any CPU
		{790919FC-065E-44EE-BD96-B48AB7AEF692}.Debug|x86.ActiveCfg = Debug|x86
		{790919FC-065E-44EE-BD96-B48AB7AEF692}.Debug|x86.Build.0 = Debug|x86
		{790919FC-065E-44EE-BD96-B48AB7AEF692}.Release|Any CPU.ActiveCfg = Release|Any CPU
		{790919FC-065E-44EE-BD96-B48AB7AEF692}.Release|Any CPU.Build.0 = Release|Any CPU
		{790919FC-065E-44EE-BD96-B48AB7AEF692}.Release|ARM.ActiveCfg = Release|ARM
		{790919FC-065E-44EE-BD96-B48AB7AEF692}.Release|ARM.Build.0 = Release|ARM
		{790919FC-065E-44EE-BD96-B48AB7AEF692}.Release|x64.ActiveCfg = Release|Any CPU
		{790919FC-065E-44EE-BD96-B48AB7AEF692}.Release|x86.ActiveCfg = Release|x86
		{790919FC-065E-44EE-BD96-B48AB7AEF692}.Release|x86.Build.0 = Release|x86
		{85BB52B4-A96D-4003-B963-0587296396A7}.Debug|Any CPU.ActiveCfg = Debug|Any CPU
		{85BB52B4-A96D-4003-B963-0587296396A7}.Debug|Any CPU.Build.0 = Debug|Any CPU
		{85BB52B4-A96D-4003-B963-0587296396A7}.Debug|ARM.ActiveCfg = Debug|ARM
		{85BB52B4-A96D-4003-B963-0587296396A7}.Debug|ARM.Build.0 = Debug|ARM
		{85BB52B4-A96D-4003-B963-0587296396A7}.Debug|x64.ActiveCfg = Debug|Any CPU
		{85BB52B4-A96D-4003-B963-0587296396A7}.Debug|x86.ActiveCfg = Debug|x86
		{85BB52B4-A96D-4003-B963-0587296396A7}.Debug|x86.Build.0 = Debug|x86
		{85BB52B4-A96D-4003-B963-0587296396A7}.Release|Any CPU.ActiveCfg = Release|Any CPU
		{85BB52B4-A96D-4003-B963-0587296396A7}.Release|Any CPU.Build.0 = Release|Any CPU
		{85BB52B4-A96D-4003-B963-0587296396A7}.Release|ARM.ActiveCfg = Release|ARM
		{85BB52B4-A96D-4003-B963-0587296396A7}.Release|ARM.Build.0 = Release|ARM
		{85BB52B4-A96D-4003-B963-0587296396A7}.Release|x64.ActiveCfg = Release|Any CPU
		{85BB52B4-A96D-4003-B963-0587296396A7}.Release|x86.ActiveCfg = Release|x86
		{85BB52B4-A96D-4003-B963-0587296396A7}.Release|x86.Build.0 = Release|x86
		{209E06CA-1AE4-4618-B4B4-A469A3D27783}.Debug|Any CPU.ActiveCfg = Debug|Any CPU
		{209E06CA-1AE4-4618-B4B4-A469A3D27783}.Debug|Any CPU.Build.0 = Debug|Any CPU
		{209E06CA-1AE4-4618-B4B4-A469A3D27783}.Debug|ARM.ActiveCfg = Debug|ARM
		{209E06CA-1AE4-4618-B4B4-A469A3D27783}.Debug|ARM.Build.0 = Debug|ARM
		{209E06CA-1AE4-4618-B4B4-A469A3D27783}.Debug|x64.ActiveCfg = Debug|Any CPU
		{209E06CA-1AE4-4618-B4B4-A469A3D27783}.Debug|x86.ActiveCfg = Debug|x86
		{209E06CA-1AE4-4618-B4B4-A469A3D27783}.Debug|x86.Build.0 = Debug|x86
		{209E06CA-1AE4-4618-B4B4-A469A3D27783}.Release|Any CPU.ActiveCfg = Release|Any CPU
		{209E06CA-1AE4-4618-B4B4-A469A3D27783}.Release|Any CPU.Build.0 = Release|Any CPU
		{209E06CA-1AE4-4618-B4B4-A469A3D27783}.Release|ARM.ActiveCfg = Release|ARM
		{209E06CA-1AE4-4618-B4B4-A469A3D27783}.Release|ARM.Build.0 = Release|ARM
		{209E06CA-1AE4-4618-B4B4-A469A3D27783}.Release|x64.ActiveCfg = Release|Any CPU
		{209E06CA-1AE4-4618-B4B4-A469A3D27783}.Release|x86.ActiveCfg = Release|x86
		{209E06CA-1AE4-4618-B4B4-A469A3D27783}.Release|x86.Build.0 = Release|x86
		{A98EB463-1058-4DEC-B085-8840E848A540}.Debug|Any CPU.ActiveCfg = Debug|Any CPU
		{A98EB463-1058-4DEC-B085-8840E848A540}.Debug|Any CPU.Build.0 = Debug|Any CPU
		{A98EB463-1058-4DEC-B085-8840E848A540}.Debug|ARM.ActiveCfg = Debug|ARM
		{A98EB463-1058-4DEC-B085-8840E848A540}.Debug|ARM.Build.0 = Debug|ARM
		{A98EB463-1058-4DEC-B085-8840E848A540}.Debug|x64.ActiveCfg = Debug|x64
		{A98EB463-1058-4DEC-B085-8840E848A540}.Debug|x64.Build.0 = Debug|x64
		{A98EB463-1058-4DEC-B085-8840E848A540}.Debug|x86.ActiveCfg = Debug|x86
		{A98EB463-1058-4DEC-B085-8840E848A540}.Debug|x86.Build.0 = Debug|x86
		{A98EB463-1058-4DEC-B085-8840E848A540}.Release|Any CPU.ActiveCfg = Release|Any CPU
		{A98EB463-1058-4DEC-B085-8840E848A540}.Release|Any CPU.Build.0 = Release|Any CPU
		{A98EB463-1058-4DEC-B085-8840E848A540}.Release|ARM.ActiveCfg = Release|ARM
		{A98EB463-1058-4DEC-B085-8840E848A540}.Release|ARM.Build.0 = Release|ARM
		{A98EB463-1058-4DEC-B085-8840E848A540}.Release|x64.ActiveCfg = Release|x64
		{A98EB463-1058-4DEC-B085-8840E848A540}.Release|x64.Build.0 = Release|x64
		{A98EB463-1058-4DEC-B085-8840E848A540}.Release|x86.ActiveCfg = Release|x86
		{A98EB463-1058-4DEC-B085-8840E848A540}.Release|x86.Build.0 = Release|x86
		{6B3B251C-0BFD-4731-82BC-8A75C74FD348}.Debug|Any CPU.ActiveCfg = Debug|Any CPU
		{6B3B251C-0BFD-4731-82BC-8A75C74FD348}.Debug|Any CPU.Build.0 = Debug|Any CPU
		{6B3B251C-0BFD-4731-82BC-8A75C74FD348}.Debug|ARM.ActiveCfg = Debug|ARM
		{6B3B251C-0BFD-4731-82BC-8A75C74FD348}.Debug|ARM.Build.0 = Debug|ARM
		{6B3B251C-0BFD-4731-82BC-8A75C74FD348}.Debug|x64.ActiveCfg = Debug|x64
		{6B3B251C-0BFD-4731-82BC-8A75C74FD348}.Debug|x64.Build.0 = Debug|x64
		{6B3B251C-0BFD-4731-82BC-8A75C74FD348}.Debug|x86.ActiveCfg = Debug|x86
		{6B3B251C-0BFD-4731-82BC-8A75C74FD348}.Debug|x86.Build.0 = Debug|x86
		{6B3B251C-0BFD-4731-82BC-8A75C74FD348}.Release|Any CPU.ActiveCfg = Release|Any CPU
		{6B3B251C-0BFD-4731-82BC-8A75C74FD348}.Release|Any CPU.Build.0 = Release|Any CPU
		{6B3B251C-0BFD-4731-82BC-8A75C74FD348}.Release|ARM.ActiveCfg = Release|ARM
		{6B3B251C-0BFD-4731-82BC-8A75C74FD348}.Release|ARM.Build.0 = Release|ARM
		{6B3B251C-0BFD-4731-82BC-8A75C74FD348}.Release|x64.ActiveCfg = Release|x64
		{6B3B251C-0BFD-4731-82BC-8A75C74FD348}.Release|x64.Build.0 = Release|x64
		{6B3B251C-0BFD-4731-82BC-8A75C74FD348}.Release|x86.ActiveCfg = Release|x86
		{6B3B251C-0BFD-4731-82BC-8A75C74FD348}.Release|x86.Build.0 = Release|x86
		{CD4A6ECF-1FC5-4B19-A4D8-0E3E570627CC}.Debug|Any CPU.ActiveCfg = Debug|Any CPU
		{CD4A6ECF-1FC5-4B19-A4D8-0E3E570627CC}.Debug|Any CPU.Build.0 = Debug|Any CPU
		{CD4A6ECF-1FC5-4B19-A4D8-0E3E570627CC}.Debug|ARM.ActiveCfg = Debug|ARM
		{CD4A6ECF-1FC5-4B19-A4D8-0E3E570627CC}.Debug|ARM.Build.0 = Debug|ARM
		{CD4A6ECF-1FC5-4B19-A4D8-0E3E570627CC}.Debug|x64.ActiveCfg = Debug|x64
		{CD4A6ECF-1FC5-4B19-A4D8-0E3E570627CC}.Debug|x64.Build.0 = Debug|x64
		{CD4A6ECF-1FC5-4B19-A4D8-0E3E570627CC}.Debug|x86.ActiveCfg = Debug|x86
		{CD4A6ECF-1FC5-4B19-A4D8-0E3E570627CC}.Debug|x86.Build.0 = Debug|x86
		{CD4A6ECF-1FC5-4B19-A4D8-0E3E570627CC}.Release|Any CPU.ActiveCfg = Release|Any CPU
		{CD4A6ECF-1FC5-4B19-A4D8-0E3E570627CC}.Release|Any CPU.Build.0 = Release|Any CPU
		{CD4A6ECF-1FC5-4B19-A4D8-0E3E570627CC}.Release|ARM.ActiveCfg = Release|ARM
		{CD4A6ECF-1FC5-4B19-A4D8-0E3E570627CC}.Release|ARM.Build.0 = Release|ARM
		{CD4A6ECF-1FC5-4B19-A4D8-0E3E570627CC}.Release|x64.ActiveCfg = Release|x64
		{CD4A6ECF-1FC5-4B19-A4D8-0E3E570627CC}.Release|x64.Build.0 = Release|x64
		{CD4A6ECF-1FC5-4B19-A4D8-0E3E570627CC}.Release|x86.ActiveCfg = Release|x86
		{CD4A6ECF-1FC5-4B19-A4D8-0E3E570627CC}.Release|x86.Build.0 = Release|x86
		{97D6303D-3408-4B6F-B232-646E0B5007A4}.Debug|Any CPU.ActiveCfg = Debug|Any CPU
		{97D6303D-3408-4B6F-B232-646E0B5007A4}.Debug|Any CPU.Build.0 = Debug|Any CPU
		{97D6303D-3408-4B6F-B232-646E0B5007A4}.Debug|ARM.ActiveCfg = Debug|ARM
		{97D6303D-3408-4B6F-B232-646E0B5007A4}.Debug|ARM.Build.0 = Debug|ARM
		{97D6303D-3408-4B6F-B232-646E0B5007A4}.Debug|x64.ActiveCfg = Debug|x64
		{97D6303D-3408-4B6F-B232-646E0B5007A4}.Debug|x64.Build.0 = Debug|x64
		{97D6303D-3408-4B6F-B232-646E0B5007A4}.Debug|x86.ActiveCfg = Debug|x86
		{97D6303D-3408-4B6F-B232-646E0B5007A4}.Debug|x86.Build.0 = Debug|x86
		{97D6303D-3408-4B6F-B232-646E0B5007A4}.Release|Any CPU.ActiveCfg = Release|Any CPU
		{97D6303D-3408-4B6F-B232-646E0B5007A4}.Release|Any CPU.Build.0 = Release|Any CPU
		{97D6303D-3408-4B6F-B232-646E0B5007A4}.Release|ARM.ActiveCfg = Release|ARM
		{97D6303D-3408-4B6F-B232-646E0B5007A4}.Release|ARM.Build.0 = Release|ARM
		{97D6303D-3408-4B6F-B232-646E0B5007A4}.Release|x64.ActiveCfg = Release|x64
		{97D6303D-3408-4B6F-B232-646E0B5007A4}.Release|x64.Build.0 = Release|x64
		{97D6303D-3408-4B6F-B232-646E0B5007A4}.Release|x86.ActiveCfg = Release|x86
		{97D6303D-3408-4B6F-B232-646E0B5007A4}.Release|x86.Build.0 = Release|x86
		{0D7442B5-7447-46EC-B2CD-55369F13E2B1}.Debug|Any CPU.ActiveCfg = Debug|Any CPU
		{0D7442B5-7447-46EC-B2CD-55369F13E2B1}.Debug|Any CPU.Build.0 = Debug|Any CPU
		{0D7442B5-7447-46EC-B2CD-55369F13E2B1}.Debug|ARM.ActiveCfg = Debug|Any CPU
		{0D7442B5-7447-46EC-B2CD-55369F13E2B1}.Debug|x64.ActiveCfg = Debug|Any CPU
		{0D7442B5-7447-46EC-B2CD-55369F13E2B1}.Debug|x86.ActiveCfg = Debug|Any CPU
		{0D7442B5-7447-46EC-B2CD-55369F13E2B1}.Release|Any CPU.ActiveCfg = Release|Any CPU
		{0D7442B5-7447-46EC-B2CD-55369F13E2B1}.Release|Any CPU.Build.0 = Release|Any CPU
		{0D7442B5-7447-46EC-B2CD-55369F13E2B1}.Release|ARM.ActiveCfg = Release|Any CPU
		{0D7442B5-7447-46EC-B2CD-55369F13E2B1}.Release|x64.ActiveCfg = Release|Any CPU
		{0D7442B5-7447-46EC-B2CD-55369F13E2B1}.Release|x86.ActiveCfg = Release|Any CPU
		{AFF24272-D1B8-4C29-A9C8-9AF6EF9E49DA}.Debug|Any CPU.ActiveCfg = Debug|Any CPU
		{AFF24272-D1B8-4C29-A9C8-9AF6EF9E49DA}.Debug|Any CPU.Build.0 = Debug|Any CPU
		{AFF24272-D1B8-4C29-A9C8-9AF6EF9E49DA}.Debug|ARM.ActiveCfg = Debug|Any CPU
		{AFF24272-D1B8-4C29-A9C8-9AF6EF9E49DA}.Debug|x64.ActiveCfg = Debug|Any CPU
		{AFF24272-D1B8-4C29-A9C8-9AF6EF9E49DA}.Debug|x86.ActiveCfg = Debug|Any CPU
		{AFF24272-D1B8-4C29-A9C8-9AF6EF9E49DA}.Release|Any CPU.ActiveCfg = Release|Any CPU
		{AFF24272-D1B8-4C29-A9C8-9AF6EF9E49DA}.Release|Any CPU.Build.0 = Release|Any CPU
		{AFF24272-D1B8-4C29-A9C8-9AF6EF9E49DA}.Release|ARM.ActiveCfg = Release|Any CPU
		{AFF24272-D1B8-4C29-A9C8-9AF6EF9E49DA}.Release|x64.ActiveCfg = Release|Any CPU
		{AFF24272-D1B8-4C29-A9C8-9AF6EF9E49DA}.Release|x86.ActiveCfg = Release|Any CPU
		{8DAFD2C1-511B-4940-8110-297CDF2AFF24}.Debug|Any CPU.ActiveCfg = Debug|Any CPU
		{8DAFD2C1-511B-4940-8110-297CDF2AFF24}.Debug|Any CPU.Build.0 = Debug|Any CPU
		{8DAFD2C1-511B-4940-8110-297CDF2AFF24}.Debug|ARM.ActiveCfg = Debug|Any CPU
		{8DAFD2C1-511B-4940-8110-297CDF2AFF24}.Debug|x64.ActiveCfg = Debug|Any CPU
		{8DAFD2C1-511B-4940-8110-297CDF2AFF24}.Debug|x86.ActiveCfg = Debug|Any CPU
		{8DAFD2C1-511B-4940-8110-297CDF2AFF24}.Release|Any CPU.ActiveCfg = Release|Any CPU
		{8DAFD2C1-511B-4940-8110-297CDF2AFF24}.Release|Any CPU.Build.0 = Release|Any CPU
		{8DAFD2C1-511B-4940-8110-297CDF2AFF24}.Release|ARM.ActiveCfg = Release|Any CPU
		{8DAFD2C1-511B-4940-8110-297CDF2AFF24}.Release|x64.ActiveCfg = Release|Any CPU
		{8DAFD2C1-511B-4940-8110-297CDF2AFF24}.Release|x86.ActiveCfg = Release|Any CPU
		{466246E6-7B02-4BDB-8EB2-705A908EAF4C}.Debug|Any CPU.ActiveCfg = Debug|Any CPU
		{466246E6-7B02-4BDB-8EB2-705A908EAF4C}.Debug|Any CPU.Build.0 = Debug|Any CPU
		{466246E6-7B02-4BDB-8EB2-705A908EAF4C}.Debug|ARM.ActiveCfg = Debug|Any CPU
		{466246E6-7B02-4BDB-8EB2-705A908EAF4C}.Debug|x64.ActiveCfg = Debug|Any CPU
		{466246E6-7B02-4BDB-8EB2-705A908EAF4C}.Debug|x86.ActiveCfg = Debug|Any CPU
		{466246E6-7B02-4BDB-8EB2-705A908EAF4C}.Release|Any CPU.ActiveCfg = Release|Any CPU
		{466246E6-7B02-4BDB-8EB2-705A908EAF4C}.Release|Any CPU.Build.0 = Release|Any CPU
		{466246E6-7B02-4BDB-8EB2-705A908EAF4C}.Release|ARM.ActiveCfg = Release|Any CPU
		{466246E6-7B02-4BDB-8EB2-705A908EAF4C}.Release|x64.ActiveCfg = Release|Any CPU
		{466246E6-7B02-4BDB-8EB2-705A908EAF4C}.Release|x86.ActiveCfg = Release|Any CPU
		{720677A1-5893-49AC-BAD9-EC400E3F89E6}.Debug|Any CPU.ActiveCfg = Debug|Any CPU
		{720677A1-5893-49AC-BAD9-EC400E3F89E6}.Debug|Any CPU.Build.0 = Debug|Any CPU
		{720677A1-5893-49AC-BAD9-EC400E3F89E6}.Debug|ARM.ActiveCfg = Debug|Any CPU
		{720677A1-5893-49AC-BAD9-EC400E3F89E6}.Debug|x64.ActiveCfg = Debug|Any CPU
		{720677A1-5893-49AC-BAD9-EC400E3F89E6}.Debug|x86.ActiveCfg = Debug|Any CPU
		{720677A1-5893-49AC-BAD9-EC400E3F89E6}.Release|Any CPU.ActiveCfg = Release|Any CPU
		{720677A1-5893-49AC-BAD9-EC400E3F89E6}.Release|Any CPU.Build.0 = Release|Any CPU
		{720677A1-5893-49AC-BAD9-EC400E3F89E6}.Release|ARM.ActiveCfg = Release|Any CPU
		{720677A1-5893-49AC-BAD9-EC400E3F89E6}.Release|x64.ActiveCfg = Release|Any CPU
		{720677A1-5893-49AC-BAD9-EC400E3F89E6}.Release|x86.ActiveCfg = Release|Any CPU
	EndGlobalSection
	GlobalSection(SolutionProperties) = preSolution
		HideSolutionNode = FALSE
	EndGlobalSection
EndGlobal
